
Microsoft Visual Studio Solution File, Format Version 12.00
# Visual Studio 2013
VisualStudioVersion = 12.0.31101.0
MinimumVisualStudioVersion = 10.0.40219.1
Project("{FAE04EC0-301F-11D3-BF4B-00C04F79EFBC}") = "StackExchange.Precompilation.Build", "StackExchange.Precompilation.Build\StackExchange.Precompilation.Build.csproj", "{31DFCCCC-2F44-405E-A2D7-BB1AC718E7B9}"
EndProject
Project("{FAE04EC0-301F-11D3-BF4B-00C04F79EFBC}") = "StackExchange.Precompilation", "StackExchange.Precompilation\StackExchange.Precompilation.csproj", "{3C0A90F1-B19E-4305-AB71-3CD31C7D0F4D}"
EndProject
Project("{FAE04EC0-301F-11D3-BF4B-00C04F79EFBC}") = "StackExchange.Precompilation.Metaprogramming", "StackExchange.Precompilation.Metaprogramming\StackExchange.Precompilation.Metaprogramming.csproj", "{E42F58D0-658F-4EB8-A031-45DE998F769D}"
EndProject
Project("{2150E333-8FDC-42A3-9474-1A3956D46DE8}") = ".nuget", ".nuget", "{5958EFE5-C8D6-4759-9A8E-8C64558314FD}"
	ProjectSection(SolutionItems) = preProject
		.nuget\NuGet.Config = .nuget\NuGet.Config
		.nuget\NuGet.exe = .nuget\NuGet.exe
		.nuget\NuGet.targets = .nuget\NuGet.targets
	EndProjectSection
EndProject
Project("{FAE04EC0-301F-11D3-BF4B-00C04F79EFBC}") = "Test.Module", "Test.Module\Test.Module.csproj", "{5FCAECC3-787B-473F-A372-783D0C235190}"
EndProject
Project("{FAE04EC0-301F-11D3-BF4B-00C04F79EFBC}") = "Test.ConsoleApp", "Test.ConsoleApp\Test.ConsoleApp.csproj", "{BA716DA2-4E3C-4D9F-B9C2-78C0EAEF66D7}"
	ProjectSection(ProjectDependencies) = postProject
		{31DFCCCC-2F44-405E-A2D7-BB1AC718E7B9} = {31DFCCCC-2F44-405E-A2D7-BB1AC718E7B9}
	EndProjectSection
EndProject
Project("{FAE04EC0-301F-11D3-BF4B-00C04F79EFBC}") = "Test.WebApp", "Test.WebApp\Test.WebApp.csproj", "{5B0105A4-256B-4A88-852C-6F5E9D185515}"
	ProjectSection(ProjectDependencies) = postProject
		{31DFCCCC-2F44-405E-A2D7-BB1AC718E7B9} = {31DFCCCC-2F44-405E-A2D7-BB1AC718E7B9}
	EndProjectSection
EndProject
Project("{2150E333-8FDC-42A3-9474-1A3956D46DE8}") = "Solution Items", "Solution Items", "{A6462B41-5067-4F2B-B5B8-B7BD1B2D75CB}"
	ProjectSection(SolutionItems) = preProject
		BuildAndPack.ps1 = BuildAndPack.ps1
		PrepareForPack.ps1 = PrepareForPack.ps1
		semver.txt = semver.txt
	EndProjectSection
EndProject
Project("{FAE04EC0-301F-11D3-BF4B-00C04F79EFBC}") = "StackExchange.Precompilation.Tests", "StackExchange.Precompilation.Tests\StackExchange.Precompilation.Tests.csproj", "{B6306D9B-0770-44DF-AADE-5703B1DCFD67}"
EndProject
Global
	GlobalSection(SolutionConfigurationPlatforms) = preSolution
		Debug|Any CPU = Debug|Any CPU
		Release|Any CPU = Release|Any CPU
	EndGlobalSection
	GlobalSection(ProjectConfigurationPlatforms) = postSolution
		{31DFCCCC-2F44-405E-A2D7-BB1AC718E7B9}.Debug|Any CPU.ActiveCfg = Debug|Any CPU
		{31DFCCCC-2F44-405E-A2D7-BB1AC718E7B9}.Debug|Any CPU.Build.0 = Debug|Any CPU
		{31DFCCCC-2F44-405E-A2D7-BB1AC718E7B9}.Release|Any CPU.ActiveCfg = Release|Any CPU
		{31DFCCCC-2F44-405E-A2D7-BB1AC718E7B9}.Release|Any CPU.Build.0 = Release|Any CPU
		{3C0A90F1-B19E-4305-AB71-3CD31C7D0F4D}.Debug|Any CPU.ActiveCfg = Debug|Any CPU
		{3C0A90F1-B19E-4305-AB71-3CD31C7D0F4D}.Debug|Any CPU.Build.0 = Debug|Any CPU
		{3C0A90F1-B19E-4305-AB71-3CD31C7D0F4D}.Release|Any CPU.ActiveCfg = Release|Any CPU
		{3C0A90F1-B19E-4305-AB71-3CD31C7D0F4D}.Release|Any CPU.Build.0 = Release|Any CPU
		{E42F58D0-658F-4EB8-A031-45DE998F769D}.Debug|Any CPU.ActiveCfg = Debug|Any CPU
		{E42F58D0-658F-4EB8-A031-45DE998F769D}.Debug|Any CPU.Build.0 = Debug|Any CPU
		{E42F58D0-658F-4EB8-A031-45DE998F769D}.Release|Any CPU.ActiveCfg = Release|Any CPU
		{E42F58D0-658F-4EB8-A031-45DE998F769D}.Release|Any CPU.Build.0 = Release|Any CPU
		{5FCAECC3-787B-473F-A372-783D0C235190}.Debug|Any CPU.ActiveCfg = Debug|Any CPU
		{5FCAECC3-787B-473F-A372-783D0C235190}.Debug|Any CPU.Build.0 = Debug|Any CPU
		{5FCAECC3-787B-473F-A372-783D0C235190}.Release|Any CPU.ActiveCfg = Release|Any CPU
		{5FCAECC3-787B-473F-A372-783D0C235190}.Release|Any CPU.Build.0 = Release|Any CPU
		{BA716DA2-4E3C-4D9F-B9C2-78C0EAEF66D7}.Debug|Any CPU.ActiveCfg = Debug|Any CPU
		{BA716DA2-4E3C-4D9F-B9C2-78C0EAEF66D7}.Debug|Any CPU.Build.0 = Debug|Any CPU
		{BA716DA2-4E3C-4D9F-B9C2-78C0EAEF66D7}.Release|Any CPU.ActiveCfg = Release|Any CPU
		{BA716DA2-4E3C-4D9F-B9C2-78C0EAEF66D7}.Release|Any CPU.Build.0 = Release|Any CPU
		{5B0105A4-256B-4A88-852C-6F5E9D185515}.Debug|Any CPU.ActiveCfg = Debug|Any CPU
		{5B0105A4-256B-4A88-852C-6F5E9D185515}.Debug|Any CPU.Build.0 = Debug|Any CPU
		{5B0105A4-256B-4A88-852C-6F5E9D185515}.Release|Any CPU.ActiveCfg = Release|Any CPU
		{5B0105A4-256B-4A88-852C-6F5E9D185515}.Release|Any CPU.Build.0 = Release|Any CPU
		{B6306D9B-0770-44DF-AADE-5703B1DCFD67}.Debug|Any CPU.ActiveCfg = Debug|Any CPU
		{B6306D9B-0770-44DF-AADE-5703B1DCFD67}.Debug|Any CPU.Build.0 = Debug|Any CPU
		{B6306D9B-0770-44DF-AADE-5703B1DCFD67}.Release|Any CPU.ActiveCfg = Release|Any CPU
		{B6306D9B-0770-44DF-AADE-5703B1DCFD67}.Release|Any CPU.Build.0 = Release|Any CPU
	EndGlobalSection
	GlobalSection(SolutionProperties) = preSolution
		HideSolutionNode = FALSE
	EndGlobalSection
EndGlobal
